{
  "name": "@nstaldev/react-core",
  "version": "0.1.12",
  "lockfileVersion": 2,
  "requires": true,
  "packages": {
    "": {
      "name": "@nstaldev/react-core",
      "version": "0.1.1",
      "license": "MIT",
      "dependencies": {
        "@nstaldev/net": "^0.1.1",
        "random-string": "^0.2.0",
        "rpc-websockets": "^7.5.0"
      },
      "devDependencies": {
        "@rollup/plugin-commonjs": "^22.0.0",
        "@rollup/plugin-json": "^4.1.0",
        "@rollup/plugin-node-resolve": "^13.3.0",
        "@types/random-string": "^0.0.28",
        "@types/react": "^18.0.10",
        "rollup": "^2.75.5",
        "rollup-plugin-peer-deps-external": "^2.2.4",
        "rollup-plugin-typescript2": "^0.31.0",
        "typescript": "^4.9.5"
      },
      "peerDependencies": {
        "react": "^18.2.0",
        "react-dom": "^18.2.0"
      }
    },
    "node_modules/@babel/runtime": {
      "version": "7.20.6",
      "license": "MIT",
      "dependencies": {
        "regenerator-runtime": "^0.13.11"
      },
      "engines": {
        "node": ">=6.9.0"
      }
    },
    "node_modules/@nstaldev/net": {
      "version": "0.1.1",
      "resolved": "https://registry.npmjs.org/@nstaldev/net/-/net-0.1.1.tgz",
      "integrity": "sha512-dZz/SGbZRDJLRfS002OEOee4lWuhKW/CN71Fotr5gYjg1c2klyY14+YASbrgQjz7p4ORY5I5sW+3cdPGx38vhQ==",
      "dependencies": {
        "rpc-websockets": "^7.5.0",
        "ws": "^8.8.0"
      }
    },
    "node_modules/@rollup/plugin-commonjs": {
      "version": "22.0.0",
      "dev": true,
      "license": "MIT",
      "dependencies": {
        "@rollup/pluginutils": "^3.1.0",
        "commondir": "^1.0.1",
        "estree-walker": "^2.0.1",
        "glob": "^7.1.6",
        "is-reference": "^1.2.1",
        "magic-string": "^0.25.7",
        "resolve": "^1.17.0"
      },
      "engines": {
        "node": ">= 12.0.0"
      },
      "peerDependencies": {
        "rollup": "^2.68.0"
      }
    },
    "node_modules/@rollup/plugin-json": {
      "version": "4.1.0",
      "dev": true,
      "license": "MIT",
      "dependencies": {
        "@rollup/pluginutils": "^3.0.8"
      },
      "peerDependencies": {
        "rollup": "^1.20.0 || ^2.0.0"
      }
    },
    "node_modules/@rollup/plugin-node-resolve": {
      "version": "13.3.0",
      "dev": true,
      "license": "MIT",
      "dependencies": {
        "@rollup/pluginutils": "^3.1.0",
        "@types/resolve": "1.17.1",
        "deepmerge": "^4.2.2",
        "is-builtin-module": "^3.1.0",
        "is-module": "^1.0.0",
        "resolve": "^1.19.0"
      },
      "engines": {
        "node": ">= 10.0.0"
      },
      "peerDependencies": {
        "rollup": "^2.42.0"
      }
    },
    "node_modules/@rollup/pluginutils": {
      "version": "3.1.0",
      "dev": true,
      "license": "MIT",
      "dependencies": {
        "@types/estree": "0.0.39",
        "estree-walker": "^1.0.1",
        "picomatch": "^2.2.2"
      },
      "engines": {
        "node": ">= 8.0.0"
      },
      "peerDependencies": {
        "rollup": "^1.20.0||^2.0.0"
      }
    },
    "node_modules/@rollup/pluginutils/node_modules/estree-walker": {
      "version": "1.0.1",
      "dev": true,
      "license": "MIT"
    },
    "node_modules/@types/estree": {
      "version": "0.0.39",
      "dev": true,
      "license": "MIT"
    },
    "node_modules/@types/node": {
      "version": "17.0.38",
      "dev": true,
      "license": "MIT"
    },
    "node_modules/@types/prop-types": {
      "version": "15.7.5",
      "dev": true,
      "license": "MIT"
    },
    "node_modules/@types/random-string": {
      "version": "0.0.28",
      "resolved": "https://registry.npmjs.org/@types/random-string/-/random-string-0.0.28.tgz",
      "integrity": "sha512-VDk4aBW/A6UL7mP3b9/1HAdJHuObshjyBrbRR53zZq8fXyxifz8yIMimxRXDMZqtBgWJeWM8CGsLEXZSyOuRnQ==",
      "dev": true
    },
    "node_modules/@types/react": {
      "version": "18.0.10",
      "dev": true,
      "license": "MIT",
      "dependencies": {
        "@types/prop-types": "*",
        "@types/scheduler": "*",
        "csstype": "^3.0.2"
      }
    },
    "node_modules/@types/resolve": {
      "version": "1.17.1",
      "dev": true,
      "license": "MIT",
      "dependencies": {
        "@types/node": "*"
      }
    },
    "node_modules/@types/scheduler": {
      "version": "0.16.2",
      "dev": true,
      "license": "MIT"
    },
    "node_modules/@yarn-tool/resolve-package": {
      "version": "1.0.47",
      "dev": true,
      "license": "ISC",
      "dependencies": {
        "pkg-dir": "< 6 >= 5",
        "tslib": "^2",
        "upath2": "^3.1.13"
      }
    },
    "node_modules/@yarn-tool/resolve-package/node_modules/find-up": {
      "version": "5.0.0",
      "dev": true,
      "license": "MIT",
      "dependencies": {
        "locate-path": "^6.0.0",
        "path-exists": "^4.0.0"
      },
      "engines": {
        "node": ">=10"
      },
      "funding": {
        "url": "https://github.com/sponsors/sindresorhus"
      }
    },
    "node_modules/@yarn-tool/resolve-package/node_modules/locate-path": {
      "version": "6.0.0",
      "dev": true,
      "license": "MIT",
      "dependencies": {
        "p-locate": "^5.0.0"
      },
      "engines": {
        "node": ">=10"
      },
      "funding": {
        "url": "https://github.com/sponsors/sindresorhus"
      }
    },
    "node_modules/@yarn-tool/resolve-package/node_modules/p-limit": {
      "version": "3.1.0",
      "dev": true,
      "license": "MIT",
      "dependencies": {
        "yocto-queue": "^0.1.0"
      },
      "engines": {
        "node": ">=10"
      },
      "funding": {
        "url": "https://github.com/sponsors/sindresorhus"
      }
    },
    "node_modules/@yarn-tool/resolve-package/node_modules/p-locate": {
      "version": "5.0.0",
      "dev": true,
      "license": "MIT",
      "dependencies": {
        "p-limit": "^3.0.2"
      },
      "engines": {
        "node": ">=10"
      },
      "funding": {
        "url": "https://github.com/sponsors/sindresorhus"
      }
    },
    "node_modules/@yarn-tool/resolve-package/node_modules/pkg-dir": {
      "version": "5.0.0",
      "dev": true,
      "license": "MIT",
      "dependencies": {
        "find-up": "^5.0.0"
      },
      "engines": {
        "node": ">=10"
      }
    },
    "node_modules/balanced-match": {
      "version": "1.0.2",
      "dev": true,
      "license": "MIT"
    },
    "node_modules/brace-expansion": {
      "version": "1.1.11",
      "dev": true,
      "license": "MIT",
      "dependencies": {
        "balanced-match": "^1.0.0",
        "concat-map": "0.0.1"
      }
    },
    "node_modules/bufferutil": {
      "version": "4.0.7",
      "hasInstallScript": true,
      "license": "MIT",
      "optional": true,
      "dependencies": {
        "node-gyp-build": "^4.3.0"
      },
      "engines": {
        "node": ">=6.14.2"
      }
    },
    "node_modules/builtin-modules": {
      "version": "3.3.0",
      "dev": true,
      "license": "MIT",
      "engines": {
        "node": ">=6"
      },
      "funding": {
        "url": "https://github.com/sponsors/sindresorhus"
      }
    },
    "node_modules/commondir": {
      "version": "1.0.1",
      "dev": true,
      "license": "MIT"
    },
    "node_modules/concat-map": {
      "version": "0.0.1",
      "dev": true,
      "license": "MIT"
    },
    "node_modules/csstype": {
      "version": "3.1.0",
      "dev": true,
      "license": "MIT"
    },
    "node_modules/deepmerge": {
      "version": "4.2.2",
      "dev": true,
      "license": "MIT",
      "engines": {
        "node": ">=0.10.0"
      }
    },
    "node_modules/estree-walker": {
      "version": "2.0.2",
      "dev": true,
      "license": "MIT"
    },
    "node_modules/eventemitter3": {
      "version": "4.0.7",
      "license": "MIT"
    },
    "node_modules/find-cache-dir": {
      "version": "3.3.2",
      "dev": true,
      "license": "MIT",
      "dependencies": {
        "commondir": "^1.0.1",
        "make-dir": "^3.0.2",
        "pkg-dir": "^4.1.0"
      },
      "engines": {
        "node": ">=8"
      },
      "funding": {
        "url": "https://github.com/avajs/find-cache-dir?sponsor=1"
      }
    },
    "node_modules/find-up": {
      "version": "4.1.0",
      "dev": true,
      "license": "MIT",
      "dependencies": {
        "locate-path": "^5.0.0",
        "path-exists": "^4.0.0"
      },
      "engines": {
        "node": ">=8"
      }
    },
    "node_modules/fs-extra": {
      "version": "10.1.0",
      "dev": true,
      "license": "MIT",
      "dependencies": {
        "graceful-fs": "^4.2.0",
        "jsonfile": "^6.0.1",
        "universalify": "^2.0.0"
      },
      "engines": {
        "node": ">=12"
      }
    },
    "node_modules/fs.realpath": {
      "version": "1.0.0",
      "dev": true,
      "license": "ISC"
    },
    "node_modules/function-bind": {
      "version": "1.1.1",
      "dev": true,
      "license": "MIT"
    },
    "node_modules/glob": {
      "version": "7.2.3",
      "dev": true,
      "license": "ISC",
      "dependencies": {
        "fs.realpath": "^1.0.0",
        "inflight": "^1.0.4",
        "inherits": "2",
        "minimatch": "^3.1.1",
        "once": "^1.3.0",
        "path-is-absolute": "^1.0.0"
      },
      "engines": {
        "node": "*"
      },
      "funding": {
        "url": "https://github.com/sponsors/isaacs"
      }
    },
    "node_modules/graceful-fs": {
      "version": "4.2.10",
      "dev": true,
      "license": "ISC"
    },
    "node_modules/has": {
      "version": "1.0.3",
      "dev": true,
      "license": "MIT",
      "dependencies": {
        "function-bind": "^1.1.1"
      },
      "engines": {
        "node": ">= 0.4.0"
      }
    },
    "node_modules/inflight": {
      "version": "1.0.6",
      "dev": true,
      "license": "ISC",
      "dependencies": {
        "once": "^1.3.0",
        "wrappy": "1"
      }
    },
    "node_modules/inherits": {
      "version": "2.0.4",
      "dev": true,
      "license": "ISC"
    },
    "node_modules/is-builtin-module": {
      "version": "3.1.0",
      "dev": true,
      "license": "MIT",
      "dependencies": {
        "builtin-modules": "^3.0.0"
      },
      "engines": {
        "node": ">=6"
      }
    },
    "node_modules/is-core-module": {
      "version": "2.9.0",
      "dev": true,
      "license": "MIT",
      "dependencies": {
        "has": "^1.0.3"
      },
      "funding": {
        "url": "https://github.com/sponsors/ljharb"
      }
    },
    "node_modules/is-module": {
      "version": "1.0.0",
      "dev": true,
      "license": "MIT"
    },
    "node_modules/is-reference": {
      "version": "1.2.1",
      "dev": true,
      "license": "MIT",
      "dependencies": {
        "@types/estree": "*"
      }
    },
    "node_modules/js-tokens": {
      "version": "4.0.0",
      "license": "MIT",
      "peer": true
    },
    "node_modules/jsonfile": {
      "version": "6.1.0",
      "dev": true,
      "license": "MIT",
      "dependencies": {
        "universalify": "^2.0.0"
      },
      "optionalDependencies": {
        "graceful-fs": "^4.1.6"
      }
    },
    "node_modules/locate-path": {
      "version": "5.0.0",
      "dev": true,
      "license": "MIT",
      "dependencies": {
        "p-locate": "^4.1.0"
      },
      "engines": {
        "node": ">=8"
      }
    },
    "node_modules/loose-envify": {
      "version": "1.4.0",
      "license": "MIT",
      "peer": true,
      "dependencies": {
        "js-tokens": "^3.0.0 || ^4.0.0"
      },
      "bin": {
        "loose-envify": "cli.js"
      }
    },
    "node_modules/magic-string": {
      "version": "0.25.9",
      "dev": true,
      "license": "MIT",
      "dependencies": {
        "sourcemap-codec": "^1.4.8"
      }
    },
    "node_modules/make-dir": {
      "version": "3.1.0",
      "dev": true,
      "license": "MIT",
      "dependencies": {
        "semver": "^6.0.0"
      },
      "engines": {
        "node": ">=8"
      },
      "funding": {
        "url": "https://github.com/sponsors/sindresorhus"
      }
    },
    "node_modules/minimatch": {
      "version": "3.1.2",
      "dev": true,
      "license": "ISC",
      "dependencies": {
        "brace-expansion": "^1.1.7"
      },
      "engines": {
        "node": "*"
      }
    },
    "node_modules/node-gyp-build": {
      "version": "4.5.0",
      "license": "MIT",
      "optional": true,
      "bin": {
        "node-gyp-build": "bin.js",
        "node-gyp-build-optional": "optional.js",
        "node-gyp-build-test": "build-test.js"
      }
    },
    "node_modules/once": {
      "version": "1.4.0",
      "dev": true,
      "license": "ISC",
      "dependencies": {
        "wrappy": "1"
      }
    },
    "node_modules/p-limit": {
      "version": "2.3.0",
      "dev": true,
      "license": "MIT",
      "dependencies": {
        "p-try": "^2.0.0"
      },
      "engines": {
        "node": ">=6"
      },
      "funding": {
        "url": "https://github.com/sponsors/sindresorhus"
      }
    },
    "node_modules/p-locate": {
      "version": "4.1.0",
      "dev": true,
      "license": "MIT",
      "dependencies": {
        "p-limit": "^2.2.0"
      },
      "engines": {
        "node": ">=8"
      }
    },
    "node_modules/p-try": {
      "version": "2.2.0",
      "dev": true,
      "license": "MIT",
      "engines": {
        "node": ">=6"
      }
    },
    "node_modules/path-exists": {
      "version": "4.0.0",
      "dev": true,
      "license": "MIT",
      "engines": {
        "node": ">=8"
      }
    },
    "node_modules/path-is-absolute": {
      "version": "1.0.1",
      "dev": true,
      "license": "MIT",
      "engines": {
        "node": ">=0.10.0"
      }
    },
    "node_modules/path-is-network-drive": {
      "version": "1.0.15",
      "dev": true,
      "license": "ISC",
      "dependencies": {
        "tslib": "^2"
      }
    },
    "node_modules/path-parse": {
      "version": "1.0.7",
      "dev": true,
      "license": "MIT"
    },
    "node_modules/path-strip-sep": {
      "version": "1.0.12",
      "dev": true,
      "license": "ISC",
      "dependencies": {
        "tslib": "^2"
      }
    },
    "node_modules/picomatch": {
      "version": "2.3.1",
      "dev": true,
      "license": "MIT",
      "engines": {
        "node": ">=8.6"
      },
      "funding": {
        "url": "https://github.com/sponsors/jonschlinkert"
      }
    },
    "node_modules/pkg-dir": {
      "version": "4.2.0",
      "dev": true,
      "license": "MIT",
      "dependencies": {
        "find-up": "^4.0.0"
      },
      "engines": {
        "node": ">=8"
      }
    },
    "node_modules/random-string": {
      "version": "0.2.0",
      "resolved": "https://registry.npmjs.org/random-string/-/random-string-0.2.0.tgz",
      "integrity": "sha512-isA91IquV3ZrFbvwkAtExP8aGL+csx3KGEsEJrvCidzOHioPl5B5g7WyJlk0lMkEz5/i1PqrWTvcdtJHPtrp1g==",
      "engines": {
        "node": ">= 0.10.0"
      }
    },
    "node_modules/react": {
      "version": "18.2.0",
      "license": "MIT",
      "peer": true,
      "dependencies": {
        "loose-envify": "^1.1.0"
      },
      "engines": {
        "node": ">=0.10.0"
      }
    },
    "node_modules/react-dom": {
      "version": "18.2.0",
      "license": "MIT",
      "peer": true,
      "dependencies": {
        "loose-envify": "^1.1.0",
        "scheduler": "^0.23.0"
      },
      "peerDependencies": {
        "react": "^18.2.0"
      }
    },
    "node_modules/regenerator-runtime": {
      "version": "0.13.11",
      "license": "MIT"
    },
    "node_modules/resolve": {
      "version": "1.22.0",
      "dev": true,
      "license": "MIT",
      "dependencies": {
        "is-core-module": "^2.8.1",
        "path-parse": "^1.0.7",
        "supports-preserve-symlinks-flag": "^1.0.0"
      },
      "bin": {
        "resolve": "bin/resolve"
      },
      "funding": {
        "url": "https://github.com/sponsors/ljharb"
      }
    },
    "node_modules/rollup": {
      "version": "2.75.5",
      "dev": true,
      "license": "MIT",
      "bin": {
        "rollup": "dist/bin/rollup"
      },
      "engines": {
        "node": ">=10.0.0"
      },
      "optionalDependencies": {
        "fsevents": "~2.3.2"
      }
    },
    "node_modules/rollup-plugin-peer-deps-external": {
      "version": "2.2.4",
      "dev": true,
      "license": "MIT",
      "peerDependencies": {
        "rollup": "*"
      }
    },
    "node_modules/rollup-plugin-typescript2": {
      "version": "0.31.2",
      "dev": true,
      "license": "MIT",
      "dependencies": {
        "@rollup/pluginutils": "^4.1.2",
        "@yarn-tool/resolve-package": "^1.0.40",
        "find-cache-dir": "^3.3.2",
        "fs-extra": "^10.0.0",
        "resolve": "^1.20.0",
        "tslib": "^2.3.1"
      },
      "peerDependencies": {
        "rollup": ">=1.26.3",
        "typescript": ">=2.4.0"
      }
    },
    "node_modules/rollup-plugin-typescript2/node_modules/@rollup/pluginutils": {
      "version": "4.2.1",
      "dev": true,
      "license": "MIT",
      "dependencies": {
        "estree-walker": "^2.0.1",
        "picomatch": "^2.2.2"
      },
      "engines": {
        "node": ">= 8.0.0"
      }
    },
    "node_modules/rpc-websockets": {
      "version": "7.5.0",
      "license": "LGPL-3.0-only",
      "dependencies": {
        "@babel/runtime": "^7.17.2",
        "eventemitter3": "^4.0.7",
        "uuid": "^8.3.2",
        "ws": "^8.5.0"
      },
      "funding": {
        "type": "paypal",
        "url": "https://paypal.me/kozjak"
      },
      "optionalDependencies": {
        "bufferutil": "^4.0.1",
        "utf-8-validate": "^5.0.2"
      }
    },
    "node_modules/scheduler": {
      "version": "0.23.0",
      "license": "MIT",
      "peer": true,
      "dependencies": {
        "loose-envify": "^1.1.0"
      }
    },
    "node_modules/semver": {
      "version": "6.3.0",
      "dev": true,
      "license": "ISC",
      "bin": {
        "semver": "bin/semver.js"
      }
    },
    "node_modules/sourcemap-codec": {
      "version": "1.4.8",
      "dev": true,
      "license": "MIT"
    },
    "node_modules/supports-preserve-symlinks-flag": {
      "version": "1.0.0",
      "dev": true,
      "license": "MIT",
      "engines": {
        "node": ">= 0.4"
      },
      "funding": {
        "url": "https://github.com/sponsors/ljharb"
      }
    },
    "node_modules/tslib": {
      "version": "2.4.0",
      "dev": true,
      "license": "0BSD"
    },
    "node_modules/typescript": {
      "version": "4.9.5",
      "dev": true,
      "license": "Apache-2.0",
      "bin": {
        "tsc": "bin/tsc",
        "tsserver": "bin/tsserver"
      },
      "engines": {
        "node": ">=4.2.0"
      }
    },
    "node_modules/universalify": {
      "version": "2.0.0",
      "dev": true,
      "license": "MIT",
      "engines": {
        "node": ">= 10.0.0"
      }
    },
    "node_modules/upath2": {
      "version": "3.1.13",
      "dev": true,
      "license": "ISC",
      "dependencies": {
        "@types/node": "*",
        "path-is-network-drive": "^1.0.15",
        "path-strip-sep": "^1.0.12",
        "tslib": "^2"
      }
    },
    "node_modules/utf-8-validate": {
      "version": "5.0.10",
      "hasInstallScript": true,
      "license": "MIT",
      "optional": true,
      "dependencies": {
        "node-gyp-build": "^4.3.0"
      },
      "engines": {
        "node": ">=6.14.2"
      }
    },
    "node_modules/uuid": {
      "version": "8.3.2",
      "license": "MIT",
      "bin": {
        "uuid": "dist/bin/uuid"
      }
    },
    "node_modules/wrappy": {
      "version": "1.0.2",
      "dev": true,
      "license": "ISC"
    },
    "node_modules/ws": {
      "version": "8.11.0",
      "license": "MIT",
      "engines": {
        "node": ">=10.0.0"
      },
      "peerDependencies": {
        "bufferutil": "^4.0.1",
        "utf-8-validate": "^5.0.2"
      },
      "peerDependenciesMeta": {
        "bufferutil": {
          "optional": true
        },
        "utf-8-validate": {
          "optional": true
        }
      }
    },
    "node_modules/yocto-queue": {
      "version": "0.1.0",
      "dev": true,
      "license": "MIT",
      "engines": {
        "node": ">=10"
      },
      "funding": {
        "url": "https://github.com/sponsors/sindresorhus"
      }
    }
  },
  "dependencies": {
    "@babel/runtime": {
      "version": "7.20.6",
      "requires": {
        "regenerator-runtime": "^0.13.11"
      }
    },
    "@nstaldev/net": {
      "version": "0.1.1",
      "resolved": "https://registry.npmjs.org/@nstaldev/net/-/net-0.1.1.tgz",
      "integrity": "sha512-dZz/SGbZRDJLRfS002OEOee4lWuhKW/CN71Fotr5gYjg1c2klyY14+YASbrgQjz7p4ORY5I5sW+3cdPGx38vhQ==",
      "requires": {
        "rpc-websockets": "^7.5.0",
        "ws": "^8.8.0"
      }
    },
    "@rollup/plugin-commonjs": {
      "version": "22.0.0",
      "dev": true,
      "requires": {
        "@rollup/pluginutils": "^3.1.0",
        "commondir": "^1.0.1",
        "estree-walker": "^2.0.1",
        "glob": "^7.1.6",
        "is-reference": "^1.2.1",
        "magic-string": "^0.25.7",
        "resolve": "^1.17.0"
      }
    },
    "@rollup/plugin-json": {
      "version": "4.1.0",
      "dev": true,
      "requires": {
        "@rollup/pluginutils": "^3.0.8"
      }
    },
    "@rollup/plugin-node-resolve": {
      "version": "13.3.0",
      "dev": true,
      "requires": {
        "@rollup/pluginutils": "^3.1.0",
        "@types/resolve": "1.17.1",
        "deepmerge": "^4.2.2",
        "is-builtin-module": "^3.1.0",
        "is-module": "^1.0.0",
        "resolve": "^1.19.0"
      }
    },
    "@rollup/pluginutils": {
      "version": "3.1.0",
      "dev": true,
      "requires": {
        "@types/estree": "0.0.39",
        "estree-walker": "^1.0.1",
        "picomatch": "^2.2.2"
      },
      "dependencies": {
        "estree-walker": {
          "version": "1.0.1",
          "dev": true
        }
      }
    },
    "@types/estree": {
      "version": "0.0.39",
      "dev": true
    },
    "@types/node": {
      "version": "17.0.38",
      "dev": true
    },
    "@types/prop-types": {
      "version": "15.7.5",
      "dev": true
    },
    "@types/random-string": {
      "version": "0.0.28",
      "resolved": "https://registry.npmjs.org/@types/random-string/-/random-string-0.0.28.tgz",
      "integrity": "sha512-VDk4aBW/A6UL7mP3b9/1HAdJHuObshjyBrbRR53zZq8fXyxifz8yIMimxRXDMZqtBgWJeWM8CGsLEXZSyOuRnQ==",
      "dev": true
    },
    "@types/react": {
      "version": "18.0.10",
      "dev": true,
      "requires": {
        "@types/prop-types": "*",
        "@types/scheduler": "*",
        "csstype": "^3.0.2"
      }
    },
    "@types/resolve": {
      "version": "1.17.1",
      "dev": true,
      "requires": {
        "@types/node": "*"
      }
    },
    "@types/scheduler": {
      "version": "0.16.2",
      "dev": true
    },
    "@yarn-tool/resolve-package": {
      "version": "1.0.47",
      "dev": true,
      "requires": {
        "pkg-dir": "< 6 >= 5",
        "tslib": "^2",
        "upath2": "^3.1.13"
      },
      "dependencies": {
        "find-up": {
          "version": "5.0.0",
          "dev": true,
          "requires": {
            "locate-path": "^6.0.0",
            "path-exists": "^4.0.0"
          }
        },
        "locate-path": {
          "version": "6.0.0",
          "dev": true,
          "requires": {
            "p-locate": "^5.0.0"
          }
        },
        "p-limit": {
          "version": "3.1.0",
          "dev": true,
          "requires": {
            "yocto-queue": "^0.1.0"
          }
        },
        "p-locate": {
          "version": "5.0.0",
          "dev": true,
          "requires": {
            "p-limit": "^3.0.2"
          }
        },
        "pkg-dir": {
          "version": "5.0.0",
          "dev": true,
          "requires": {
            "find-up": "^5.0.0"
          }
        }
      }
    },
    "balanced-match": {
      "version": "1.0.2",
      "dev": true
    },
    "brace-expansion": {
      "version": "1.1.11",
      "dev": true,
      "requires": {
        "balanced-match": "^1.0.0",
        "concat-map": "0.0.1"
      }
    },
    "bufferutil": {
      "version": "4.0.7",
      "optional": true,
      "requires": {
        "node-gyp-build": "^4.3.0"
      }
    },
    "builtin-modules": {
      "version": "3.3.0",
      "dev": true
    },
    "commondir": {
      "version": "1.0.1",
      "dev": true
    },
    "concat-map": {
      "version": "0.0.1",
      "dev": true
    },
    "csstype": {
      "version": "3.1.0",
      "dev": true
    },
    "deepmerge": {
      "version": "4.2.2",
      "dev": true
    },
    "estree-walker": {
      "version": "2.0.2",
      "dev": true
    },
    "eventemitter3": {
      "version": "4.0.7"
    },
    "find-cache-dir": {
      "version": "3.3.2",
      "dev": true,
      "requires": {
        "commondir": "^1.0.1",
        "make-dir": "^3.0.2",
        "pkg-dir": "^4.1.0"
      }
    },
    "find-up": {
      "version": "4.1.0",
      "dev": true,
      "requires": {
        "locate-path": "^5.0.0",
        "path-exists": "^4.0.0"
      }
    },
    "fs-extra": {
      "version": "10.1.0",
      "dev": true,
      "requires": {
        "graceful-fs": "^4.2.0",
        "jsonfile": "^6.0.1",
        "universalify": "^2.0.0"
      }
    },
    "fs.realpath": {
      "version": "1.0.0",
      "dev": true
    },
    "function-bind": {
      "version": "1.1.1",
      "dev": true
    },
    "glob": {
      "version": "7.2.3",
      "dev": true,
      "requires": {
        "fs.realpath": "^1.0.0",
        "inflight": "^1.0.4",
        "inherits": "2",
        "minimatch": "^3.1.1",
        "once": "^1.3.0",
        "path-is-absolute": "^1.0.0"
      }
    },
    "graceful-fs": {
      "version": "4.2.10",
      "dev": true
    },
    "has": {
      "version": "1.0.3",
      "dev": true,
      "requires": {
        "function-bind": "^1.1.1"
      }
    },
    "inflight": {
      "version": "1.0.6",
      "dev": true,
      "requires": {
        "once": "^1.3.0",
        "wrappy": "1"
      }
    },
    "inherits": {
      "version": "2.0.4",
      "dev": true
    },
    "is-builtin-module": {
      "version": "3.1.0",
      "dev": true,
      "requires": {
        "builtin-modules": "^3.0.0"
      }
    },
    "is-core-module": {
      "version": "2.9.0",
      "dev": true,
      "requires": {
        "has": "^1.0.3"
      }
    },
    "is-module": {
      "version": "1.0.0",
      "dev": true
    },
    "is-reference": {
      "version": "1.2.1",
      "dev": true,
      "requires": {
        "@types/estree": "*"
      }
    },
    "js-tokens": {
      "version": "4.0.0",
      "peer": true
    },
    "jsonfile": {
      "version": "6.1.0",
      "dev": true,
      "requires": {
        "graceful-fs": "^4.1.6",
        "universalify": "^2.0.0"
      }
    },
    "locate-path": {
      "version": "5.0.0",
      "dev": true,
      "requires": {
        "p-locate": "^4.1.0"
      }
    },
    "loose-envify": {
      "version": "1.4.0",
      "peer": true,
      "requires": {
        "js-tokens": "^3.0.0 || ^4.0.0"
      }
    },
    "magic-string": {
      "version": "0.25.9",
      "dev": true,
      "requires": {
        "sourcemap-codec": "^1.4.8"
      }
    },
    "make-dir": {
      "version": "3.1.0",
      "dev": true,
      "requires": {
        "semver": "^6.0.0"
      }
    },
    "minimatch": {
      "version": "3.1.2",
      "dev": true,
      "requires": {
        "brace-expansion": "^1.1.7"
      }
    },
    "node-gyp-build": {
      "version": "4.5.0",
      "optional": true
    },
    "once": {
      "version": "1.4.0",
      "dev": true,
      "requires": {
        "wrappy": "1"
      }
    },
    "p-limit": {
      "version": "2.3.0",
      "dev": true,
      "requires": {
        "p-try": "^2.0.0"
      }
    },
    "p-locate": {
      "version": "4.1.0",
      "dev": true,
      "requires": {
        "p-limit": "^2.2.0"
      }
    },
    "p-try": {
      "version": "2.2.0",
      "dev": true
    },
    "path-exists": {
      "version": "4.0.0",
      "dev": true
    },
    "path-is-absolute": {
      "version": "1.0.1",
      "dev": true
    },
    "path-is-network-drive": {
      "version": "1.0.15",
      "dev": true,
      "requires": {
        "tslib": "^2"
      }
    },
    "path-parse": {
      "version": "1.0.7",
      "dev": true
    },
    "path-strip-sep": {
      "version": "1.0.12",
      "dev": true,
      "requires": {
        "tslib": "^2"
      }
    },
    "picomatch": {
      "version": "2.3.1",
      "dev": true
    },
    "pkg-dir": {
      "version": "4.2.0",
      "dev": true,
      "requires": {
        "find-up": "^4.0.0"
      }
    },
    "random-string": {
      "version": "0.2.0",
      "resolved": "https://registry.npmjs.org/random-string/-/random-string-0.2.0.tgz",
      "integrity": "sha512-isA91IquV3ZrFbvwkAtExP8aGL+csx3KGEsEJrvCidzOHioPl5B5g7WyJlk0lMkEz5/i1PqrWTvcdtJHPtrp1g=="
    },
    "react": {
      "version": "18.2.0",
      "peer": true,
      "requires": {
        "loose-envify": "^1.1.0"
      }
    },
    "react-dom": {
      "version": "18.2.0",
      "peer": true,
      "requires": {
        "loose-envify": "^1.1.0",
        "scheduler": "^0.23.0"
      }
    },
    "regenerator-runtime": {
      "version": "0.13.11"
    },
    "resolve": {
      "version": "1.22.0",
      "dev": true,
      "requires": {
        "is-core-module": "^2.8.1",
        "path-parse": "^1.0.7",
        "supports-preserve-symlinks-flag": "^1.0.0"
      }
    },
    "rollup": {
      "version": "2.75.5",
      "dev": true,
      "requires": {
        "fsevents": "~2.3.2"
      }
    },
    "rollup-plugin-peer-deps-external": {
      "version": "2.2.4",
      "dev": true,
      "requires": {}
    },
    "rollup-plugin-typescript2": {
      "version": "0.31.2",
      "dev": true,
      "requires": {
        "@rollup/pluginutils": "^4.1.2",
        "@yarn-tool/resolve-package": "^1.0.40",
        "find-cache-dir": "^3.3.2",
        "fs-extra": "^10.0.0",
        "resolve": "^1.20.0",
        "tslib": "^2.3.1"
      },
      "dependencies": {
        "@rollup/pluginutils": {
          "version": "4.2.1",
          "dev": true,
          "requires": {
            "estree-walker": "^2.0.1",
            "picomatch": "^2.2.2"
          }
        }
      }
    },
    "rpc-websockets": {
      "version": "7.5.0",
      "requires": {
        "@babel/runtime": "^7.17.2",
        "bufferutil": "^4.0.1",
        "eventemitter3": "^4.0.7",
        "utf-8-validate": "^5.0.2",
        "uuid": "^8.3.2",
        "ws": "^8.5.0"
      }
    },
    "scheduler": {
      "version": "0.23.0",
      "peer": true,
      "requires": {
        "loose-envify": "^1.1.0"
      }
    },
    "semver": {
      "version": "6.3.0",
      "dev": true
    },
    "sourcemap-codec": {
      "version": "1.4.8",
      "dev": true
    },
    "supports-preserve-symlinks-flag": {
      "version": "1.0.0",
      "dev": true
    },
    "tslib": {
      "version": "2.4.0",
      "dev": true
    },
    "typescript": {
      "version": "4.9.5",
      "dev": true
    },
    "universalify": {
      "version": "2.0.0",
      "dev": true
    },
    "upath2": {
      "version": "3.1.13",
      "dev": true,
      "requires": {
        "@types/node": "*",
        "path-is-network-drive": "^1.0.15",
        "path-strip-sep": "^1.0.12",
        "tslib": "^2"
      }
    },
    "utf-8-validate": {
      "version": "5.0.10",
      "optional": true,
      "requires": {
        "node-gyp-build": "^4.3.0"
      }
    },
    "uuid": {
      "version": "8.3.2"
    },
    "wrappy": {
      "version": "1.0.2",
      "dev": true
    },
    "ws": {
      "version": "8.11.0",
      "requires": {}
    },
    "yocto-queue": {
      "version": "0.1.0",
      "dev": true
    }
  }
}
